// !$*UTF8*$!
{
	archiveVersion = 1;
	classes = {
	};
	objectVersion = 55;
	objects = {

/* Begin PBXBuildFile section */
		BB78BA3227FB4BF3006B29A5 /* ItemModel.swift in Sources */ = {isa = PBXBuildFile; fileRef = BB78BA3127FB4BF3006B29A5 /* ItemModel.swift */; };
		BB78BA3727FB511F006B29A5 /* ListViewModel.swift in Sources */ = {isa = PBXBuildFile; fileRef = BB78BA3627FB511F006B29A5 /* ListViewModel.swift */; };
		BBC2DBF827F7530800403BEC /* ZEROApp.swift in Sources */ = {isa = PBXBuildFile; fileRef = BBC2DBF727F7530800403BEC /* ZEROApp.swift */; };
		BBC2DBFC27F7530B00403BEC /* Assets.xcassets in Resources */ = {isa = PBXBuildFile; fileRef = BBC2DBFB27F7530B00403BEC /* Assets.xcassets */; };
		BBC2DBFF27F7530B00403BEC /* Preview Assets.xcassets in Resources */ = {isa = PBXBuildFile; fileRef = BBC2DBFE27F7530B00403BEC /* Preview Assets.xcassets */; };
		BBC2DC0727F7550500403BEC /* ListView.swift in Sources */ = {isa = PBXBuildFile; fileRef = BBC2DC0627F7550500403BEC /* ListView.swift */; };
		BBC2DC0927F757D000403BEC /* ListRowView.swift in Sources */ = {isa = PBXBuildFile; fileRef = BBC2DC0827F757D000403BEC /* ListRowView.swift */; };
		BBC2DC0B27F7596800403BEC /* AddView.swift in Sources */ = {isa = PBXBuildFile; fileRef = BBC2DC0A27F7596800403BEC /* AddView.swift */; };
/* End PBXBuildFile section */

/* Begin PBXFileReference section */
		BB78BA3127FB4BF3006B29A5 /* ItemModel.swift */ = {isa = PBXFileReference; lastKnownFileType = sourcecode.swift; path = ItemModel.swift; sourceTree = "<group>"; };
		BB78BA3627FB511F006B29A5 /* ListViewModel.swift */ = {isa = PBXFileReference; lastKnownFileType = sourcecode.swift; path = ListViewModel.swift; sourceTree = "<group>"; };
		BBC2DBF427F7530800403BEC /* ZERO.app */ = {isa = PBXFileReference; explicitFileType = wrapper.application; includeInIndex = 0; path = ZERO.app; sourceTree = BUILT_PRODUCTS_DIR; };
		BBC2DBF727F7530800403BEC /* ZEROApp.swift */ = {isa = PBXFileReference; lastKnownFileType = sourcecode.swift; path = ZEROApp.swift; sourceTree = "<group>"; };
		BBC2DBFB27F7530B00403BEC /* Assets.xcassets */ = {isa = PBXFileReference; lastKnownFileType = folder.assetcatalog; path = Assets.xcassets; sourceTree = "<group>"; };
		BBC2DBFE27F7530B00403BEC /* Preview Assets.xcassets */ = {isa = PBXFileReference; lastKnownFileType = folder.assetcatalog; path = "Preview Assets.xcassets"; sourceTree = "<group>"; };
		BBC2DC0627F7550500403BEC /* ListView.swift */ = {isa = PBXFileReference; lastKnownFileType = sourcecode.swift; path = ListView.swift; sourceTree = "<group>"; };
		BBC2DC0827F757D000403BEC /* ListRowView.swift */ = {isa = PBXFileReference; lastKnownFileType = sourcecode.swift; path = ListRowView.swift; sourceTree = "<group>"; };
		BBC2DC0A27F7596800403BEC /* AddView.swift */ = {isa = PBXFileReference; lastKnownFileType = sourcecode.swift; path = AddView.swift; sourceTree = "<group>"; };
/* End PBXFileReference section */

/* Begin PBXFrameworksBuildPhase section */
		BBC2DBF127F7530800403BEC /* Frameworks */ = {
			isa = PBXFrameworksBuildPhase;
			buildActionMask = 2147483647;
			files = (
			);
			runOnlyForDeploymentPostprocessing = 0;
		};
/* End PBXFrameworksBuildPhase section */

/* Begin PBXGroup section */
		BB78BA3027FB4BE0006B29A5 /* Models */ = {
			isa = PBXGroup;
			children = (
				BB78BA3127FB4BF3006B29A5 /* ItemModel.swift */,
			);
			path = Models;
			sourceTree = "<group>";
		};
		BB78BA3327FB50DE006B29A5 /* ViewModels */ = {
			isa = PBXGroup;
			children = (
				BB78BA3627FB511F006B29A5 /* ListViewModel.swift */,
			);
			path = ViewModels;
			sourceTree = "<group>";
		};
		BBC2DBEB27F7530800403BEC = {
			isa = PBXGroup;
			children = (
				BBC2DBF627F7530800403BEC /* ZERO */,
				BBC2DBF527F7530800403BEC /* Products */,
			);
			sourceTree = "<group>";
		};
		BBC2DBF527F7530800403BEC /* Products */ = {
			isa = PBXGroup;
			children = (
				BBC2DBF427F7530800403BEC /* ZERO.app */,
			);
			name = Products;
			sourceTree = "<group>";
		};
		BBC2DBF627F7530800403BEC /* ZERO */ = {
			isa = PBXGroup;
			children = (
				BBC2DBF727F7530800403BEC /* ZEROApp.swift */,
				BB78BA3027FB4BE0006B29A5 /* Models */,
				BB78BA3327FB50DE006B29A5 /* ViewModels */,
				BBC2DC0527F754FB00403BEC /* Views */,
				BBC2DBFB27F7530B00403BEC /* Assets.xcassets */,
				BBC2DBFD27F7530B00403BEC /* Preview Content */,
			);
			path = ZERO;
			sourceTree = "<group>";
		};
		BBC2DBFD27F7530B00403BEC /* Preview Content */ = {
			isa = PBXGroup;
			children = (
				BBC2DBFE27F7530B00403BEC /* Preview Assets.xcassets */,
			);
			path = "Preview Content";
			sourceTree = "<group>";
		};
		BBC2DC0527F754FB00403BEC /* Views */ = {
			isa = PBXGroup;
			children = (
				BBC2DC0627F7550500403BEC /* ListView.swift */,
				BBC2DC0827F757D000403BEC /* ListRowView.swift */,
				BBC2DC0A27F7596800403BEC /* AddView.swift */,
			);
			path = Views;
			sourceTree = "<group>";
		};
/* End PBXGroup section */

/* Begin PBXNativeTarget section */
		BBC2DBF327F7530800403BEC /* ZERO */ = {
			isa = PBXNativeTarget;
			buildConfigurationList = BBC2DC0227F7530B00403BEC /* Build configuration list for PBXNativeTarget "ZERO" */;
			buildPhases = (
				BBC2DBF027F7530800403BEC /* Sources */,
				BBC2DBF127F7530800403BEC /* Frameworks */,
				BBC2DBF227F7530800403BEC /* Resources */,
			);
			buildRules = (
			);
			dependencies = (
			);
			name = ZERO;
			productName = ZERO;
			productReference = BBC2DBF427F7530800403BEC /* ZERO.app */;
			productType = "com.apple.product-type.application";
		};
/* End PBXNativeTarget section */

/* Begin PBXProject section */
		BBC2DBEC27F7530800403BEC /* Project object */ = {
			isa = PBXProject;
			attributes = {
				BuildIndependentTargetsInParallel = 1;
				LastSwiftUpdateCheck = 1330;
				LastUpgradeCheck = 1330;
				TargetAttributes = {
					BBC2DBF327F7530800403BEC = {
						CreatedOnToolsVersion = 13.3;
					};
				};
			};
			buildConfigurationList = BBC2DBEF27F7530800403BEC /* Build configuration list for PBXProject "ZERO" */;
			compatibilityVersion = "Xcode 13.0";
			developmentRegion = en;
			hasScannedForEncodings = 0;
			knownRegions = (
				en,
				Base,
			);
			mainGroup = BBC2DBEB27F7530800403BEC;
			productRefGroup = BBC2DBF527F7530800403BEC /* Products */;
			projectDirPath = "";
			projectRoot = "";
			targets = (
				BBC2DBF327F7530800403BEC /* ZERO */,
			);
		};
/* End PBXProject section */

/* Begin PBXResourcesBuildPhase section */
		BBC2DBF227F7530800403BEC /* Resources */ = {
			isa = PBXResourcesBuildPhase;
			buildActionMask = 2147483647;
			files = (
				BBC2DBFF27F7530B00403BEC /* Preview Assets.xcassets in Resources */,
				BBC2DBFC27F7530B00403BEC /* Assets.xcassets in Resources */,
			);
			runOnlyForDeploymentPostprocessing = 0;
		};
/* End PBXResourcesBuildPhase section */

/* Begin PBXSourcesBuildPhase section */
		BBC2DBF027F7530800403BEC /* Sources */ = {
			isa = PBXSourcesBuildPhase;
			buildActionMask = 2147483647;
			files = (
				BB78BA3227FB4BF3006B29A5 /* ItemModel.swift in Sources */,
				BBC2DC0B27F7596800403BEC /* AddView.swift in Sources */,
				BB78BA3727FB511F006B29A5 /* ListViewModel.swift in Sources */,
				BBC2DBF827F7530800403BEC /* ZEROApp.swift in Sources */,
				BBC2DC0727F7550500403BEC /* ListView.swift in Sources */,
				BBC2DC0927F757D000403BEC /* ListRowView.swift in Sources */,
			);
			runOnlyForDeploymentPostprocessing = 0;
		};
/* End PBXSourcesBuildPhase section */

/* Begin XCBuildConfiguration section */
		BBC2DC0027F7530B00403BEC /* Debug */ = {
			isa = XCBuildConfiguration;
			buildSettings = {
				ALWAYS_SEARCH_USER_PATHS = NO;
				CLANG_ANALYZER_NONNULL = YES;
				CLANG_ANALYZER_NUMBER_OBJECT_CONVERSION = YES_AGGRESSIVE;
				CLANG_CXX_LANGUAGE_STANDARD = "gnu++17";
				CLANG_ENABLE_MODULES = YES;
				CLANG_ENABLE_OBJC_ARC = YES;
				CLANG_ENABLE_OBJC_WEAK = YES;
				CLANG_WARN_BLOCK_CAPTURE_AUTORELEASING = YES;
				CLANG_WARN_BOOL_CONVERSION = YES;
				CLANG_WARN_COMMA = YES;
				CLANG_WARN_CONSTANT_CONVERSION = YES;
				CLANG_WARN_DEPRECATED_OBJC_IMPLEMENTATIONS = YES;
				CLANG_WARN_DIRECT_OBJC_ISA_USAGE = YES_ERROR;
				CLANG_WARN_DOCUMENTATION_COMMENTS = YES;
				CLANG_WARN_EMPTY_BODY = YES;
				CLANG_WARN_ENUM_CONVERSION = YES;
				CLANG_WARN_INFINITE_RECURSION = YES;
				CLANG_WARN_INT_CONVERSION = YES;
				CLANG_WARN_NON_LITERAL_NULL_CONVERSION = YES;
				CLANG_WARN_OBJC_IMPLICIT_RETAIN_SELF = YES;
				CLANG_WARN_OBJC_LITERAL_CONVERSION = YES;
				CLANG_WARN_OBJC_ROOT_CLASS = YES_ERROR;
				CLANG_WARN_QUOTED_INCLUDE_IN_FRAMEWORK_HEADER = YES;
				CLANG_WARN_RANGE_LOOP_ANALYSIS = YES;
				CLANG_WARN_STRICT_PROTOTYPES = YES;
				CLANG_WARN_SUSPICIOUS_MOVE = YES;
				CLANG_WARN_UNGUARDED_AVAILABILITY = YES_AGGRESSIVE;
				CLANG_WARN_UNREACHABLE_CODE = YES;
				CLANG_WARN__DUPLICATE_METHOD_MATCH = YES;
				COPY_PHASE_STRIP = NO;
				DEBUG_INFORMATION_FORMAT = dwarf;
				ENABLE_STRICT_OBJC_MSGSEND = YES;
				ENABLE_TESTABILITY = YES;
				GCC_C_LANGUAGE_STANDARD = gnu11;
				GCC_DYNAMIC_NO_PIC = NO;
				GCC_NO_COMMON_BLOCKS = YES;
				GCC_OPTIMIZATION_LEVEL = 0;
				GCC_PREPROCESSOR_DEFINITIONS = (
					"DEBUG=1",
					"$(inherited)",
				);
				GCC_WARN_64_TO_32_BIT_CONVERSION = YES;
				GCC_WARN_ABOUT_RETURN_TYPE = YES_ERROR;
				GCC_WARN_UNDECLARED_SELECTOR = YES;
				GCC_WARN_UNINITIALIZED_AUTOS = YES_AGGRESSIVE;
				GCC_WARN_UNUSED_FUNCTION = YES;
				GCC_WARN_UNUSED_VARIABLE = YES;
				IPHONEOS_DEPLOYMENT_TARGET = 15.4;
				MTL_ENABLE_DEBUG_INFO = INCLUDE_SOURCE;
				MTL_FAST_MATH = YES;
				ONLY_ACTIVE_ARCH = YES;
				SDKROOT = iphoneos;
				SWIFT_ACTIVE_COMPILATION_CONDITIONS = DEBUG;
				SWIFT_OPTIMIZATION_LEVEL = "-Onone";
			};
			name = Debug;
		};
		BBC2DC0127F7530B00403BEC /* Release */ = {
			isa = XCBuildConfiguration;
			buildSettings = {
				ALWAYS_SEARCH_USER_PATHS = NO;
				CLANG_ANALYZER_NONNULL = YES;
				CLANG_ANALYZER_NUMBER_OBJECT_CONVERSION = YES_AGGRESSIVE;
				CLANG_CXX_LANGUAGE_STANDARD = "gnu++17";
				CLANG_ENABLE_MODULES = YES;
				CLANG_ENABLE_OBJC_ARC = YES;
				CLANG_ENABLE_OBJC_WEAK = YES;
				CLANG_WARN_BLOCK_CAPTURE_AUTORELEASING = YES;
				CLANG_WARN_BOOL_CONVERSION = YES;
				CLANG_WARN_COMMA = YES;
				CLANG_WARN_CONSTANT_CONVERSION = YES;
				CLANG_WARN_DEPRECATED_OBJC_IMPLEMENTATIONS = YES;
				CLANG_WARN_DIRECT_OBJC_ISA_USAGE = YES_ERROR;
				CLANG_WARN_DOCUMENTATION_COMMENTS = YES;
				CLANG_WARN_EMPTY_BODY = YES;
				CLANG_WARN_ENUM_CONVERSION = YES;
				CLANG_WARN_INFINITE_RECURSION = YES;
				CLANG_WARN_INT_CONVERSION = YES;
				CLANG_WARN_NON_LITERAL_NULL_CONVERSION = YES;
				CLANG_WARN_OBJC_IMPLICIT_RETAIN_SELF = YES;
				CLANG_WARN_OBJC_LITERAL_CONVERSION = YES;
				CLANG_WARN_OBJC_ROOT_CLASS = YES_ERROR;
				CLANG_WARN_QUOTED_INCLUDE_IN_FRAMEWORK_HEADER = YES;
				CLANG_WARN_RANGE_LOOP_ANALYSIS = YES;
				CLANG_WARN_STRICT_PROTOTYPES = YES;
				CLANG_WARN_SUSPICIOUS_MOVE = YES;
				CLANG_WARN_UNGUARDED_AVAILABILITY = YES_AGGRESSIVE;
				CLANG_WARN_UNREACHABLE_CODE = YES;
				CLANG_WARN__DUPLICATE_METHOD_MATCH = YES;
				COPY_PHASE_STRIP = NO;
				DEBUG_INFORMATION_FORMAT = "dwarf-with-dsym";
				ENABLE_NS_ASSERTIONS = NO;
				ENABLE_STRICT_OBJC_MSGSEND = YES;
				GCC_C_LANGUAGE_STANDARD = gnu11;
				GCC_NO_COMMON_BLOCKS = YES;
				GCC_WARN_64_TO_32_BIT_CONVERSION = YES;
				GCC_WARN_ABOUT_RETURN_TYPE = YES_ERROR;
				GCC_WARN_UNDECLARED_SELECTOR = YES;
				GCC_WARN_UNINITIALIZED_AUTOS = YES_AGGRESSIVE;
				GCC_WARN_UNUSED_FUNCTION = YES;
				GCC_WARN_UNUSED_VARIABLE = YES;
				IPHONEOS_DEPLOYMENT_TARGET = 15.4;
				MTL_ENABLE_DEBUG_INFO = NO;
				MTL_FAST_MATH = YES;
				SDKROOT = iphoneos;
				SWIFT_COMPILATION_MODE = wholemodule;
				SWIFT_OPTIMIZATION_LEVEL = "-O";
				VALIDATE_PRODUCT = YES;
			};
			name = Release;
		};
		BBC2DC0327F7530B00403BEC /* Debug */ = {
			isa = XCBuildConfiguration;
			buildSettings = {
				ASSETCATALOG_COMPILER_APPICON_NAME = AppIcon;
				ASSETCATALOG_COMPILER_GLOBAL_ACCENT_COLOR_NAME = AccentColor;
				CODE_SIGN_STYLE = Automatic;
				CURRENT_PROJECT_VERSION = 1;
				DEVELOPMENT_ASSET_PATHS = "\"ZERO/Preview Content\"";
				DEVELOPMENT_TEAM = 883DK65VTV;
				ENABLE_PREVIEWS = YES;
				GENERATE_INFOPLIST_FILE = YES;
				INFOPLIST_KEY_UIApplicationSceneManifest_Generation = YES;
				INFOPLIST_KEY_UIApplicationSupportsIndirectInputEvents = YES;
				INFOPLIST_KEY_UILaunchScreen_Generation = YES;
				INFOPLIST_KEY_UISupportedInterfaceOrientations_iPad = "UIInterfaceOrientationPortrait UIInterfaceOrientationPortraitUpsideDown UIInterfaceOrientationLandscapeLeft UIInterfaceOrientationLandscapeRight";
				INFOPLIST_KEY_UISupportedInterfaceOrientations_iPhone = "UIInterfaceOrientationPortrait UIInterfaceOrientationLandscapeLeft UIInterfaceOrientationLandscapeRight";
				IPHONEOS_DEPLOYMENT_TARGET = 15.0;
				LD_RUNPATH_SEARCH_PATHS = (
					"$(inherited)",
					"@executable_path/Frameworks",
				);
				MARKETING_VERSION = 1.0;
				PRODUCT_BUNDLE_IDENTIFIER = "DnS-Incorporated.ZERO";
				PRODUCT_NAME = "$(TARGET_NAME)";
				SWIFT_EMIT_LOC_STRINGS = YES;
				SWIFT_VERSION = 5.0;
				TARGETED_DEVICE_FAMILY = "1,2";
			};
			name = Debug;
		};
		BBC2DC0427F7530B00403BEC /* Release */ = {
			isa = XCBuildConfiguration;
			buildSettings = {
				ASSETCATALOG_COMPILER_APPICON_NAME = AppIcon;
				ASSETCATALOG_COMPILER_GLOBAL_ACCENT_COLOR_NAME = AccentColor;
				CODE_SIGN_STYLE = Automatic;
				CURRENT_PROJECT_VERSION = 1;
				DEVELOPMENT_ASSET_PATHS = "\"ZERO/Preview Content\"";
				DEVELOPMENT_TEAM = 883DK65VTV;
				ENABLE_PREVIEWS = YES;
				GENERATE_INFOPLIST_FILE = YES;
				INFOPLIST_KEY_UIApplicationSceneManifest_Generation = YES;
				INFOPLIST_KEY_UIApplicationSupportsIndirectInputEvents = YES;
				INFOPLIST_KEY_UILaunchScreen_Generation = YES;
				INFOPLIST_KEY_UISupportedInterfaceOrientations_iPad = "UIInterfaceOrientationPortrait UIInterfaceOrientationPortraitUpsideDown UIInterfaceOrientationLandscapeLeft UIInterfaceOrientationLandscapeRight";
				INFOPLIST_KEY_UISupportedInterfaceOrientations_iPhone = "UIInterfaceOrientationPortrait UIInterfaceOrientationLandscapeLeft UIInterfaceOrientationLandscapeRight";
				IPHONEOS_DEPLOYMENT_TARGET = 15.0;
				LD_RUNPATH_SEARCH_PATHS = (
					"$(inherited)",
					"@executable_path/Frameworks",
				);
				MARKETING_VERSION = 1.0;
				PRODUCT_BUNDLE_IDENTIFIER = "DnS-Incorporated.ZERO";
				PRODUCT_NAME = "$(TARGET_NAME)";
				SWIFT_EMIT_LOC_STRINGS = YES;
				SWIFT_VERSION = 5.0;
				TARGETED_DEVICE_FAMILY = "1,2";
			};
			name = Release;
		};
/* End XCBuildConfiguration section */

/* Begin XCConfigurationList section */
		BBC2DBEF27F7530800403BEC /* Build configuration list for PBXProject "ZERO" */ = {
			isa = XCConfigurationList;
			buildConfigurations = (
				BBC2DC0027F7530B00403BEC /* Debug */,
				BBC2DC0127F7530B00403BEC /* Release */,
			);
			defaultConfigurationIsVisible = 0;
			defaultConfigurationName = Release;
		};
		BBC2DC0227F7530B00403BEC /* Build configuration list for PBXNativeTarget "ZERO" */ = {
			isa = XCConfigurationList;
			buildConfigurations = (
				BBC2DC0327F7530B00403BEC /* Debug */,
				BBC2DC0427F7530B00403BEC /* Release */,
			);
			defaultConfigurationIsVisible = 0;
			defaultConfigurationName = Release;
		};
/* End XCConfigurationList section */
	};
	rootObject = BBC2DBEC27F7530800403BEC /* Project object */;
}
